{
  "name": "vue-press",
  "version": "1.0.0",
  "lockfileVersion": 1,
  "requires": true,
  "dependencies": {
    "markdown-it-disable-url-encode": {
      "version": "1.0.1",
      "resolved": "https://registry.npm.taobao.org/markdown-it-disable-url-encode/download/markdown-it-disable-url-encode-1.0.1.tgz",
      "integrity": "sha1-7NZTcDvYJL36vPGPL/CtbVsWi9E="
    }
  }
}
